// !$*UTF8*$!
{
	archiveVersion = 1;
	classes = {
	};
	objectVersion = 50;
	objects = {

/* Begin PBXBuildFile section */
		958BDC2022701A5F00651589 /* AppDelegate.swift in Sources */ = {isa = PBXBuildFile; fileRef = 958BDC1F22701A5F00651589 /* AppDelegate.swift */; };
		958BDC2222701A5F00651589 /* ViewController.swift in Sources */ = {isa = PBXBuildFile; fileRef = 958BDC2122701A5F00651589 /* ViewController.swift */; };
		958BDC2522701A5F00651589 /* Main.storyboard in Resources */ = {isa = PBXBuildFile; fileRef = 958BDC2322701A5F00651589 /* Main.storyboard */; };
		958BDC2822701A5F00651589 /* Sample_App.xcdatamodeld in Sources */ = {isa = PBXBuildFile; fileRef = 958BDC2622701A5F00651589 /* Sample_App.xcdatamodeld */; };
		958BDC2A22701A6300651589 /* Assets.xcassets in Resources */ = {isa = PBXBuildFile; fileRef = 958BDC2922701A6300651589 /* Assets.xcassets */; };
		958BDC2D22701A6300651589 /* LaunchScreen.storyboard in Resources */ = {isa = PBXBuildFile; fileRef = 958BDC2B22701A6300651589 /* LaunchScreen.storyboard */; };
		D6AC018D946DD332D735F435 /* Pods_Sample_App.framework in Frameworks */ = {isa = PBXBuildFile; fileRef = 420C6161C377F36D4A1FB670 /* Pods_Sample_App.framework */; };
/* End PBXBuildFile section */

/* Begin PBXFileReference section */
		420C6161C377F36D4A1FB670 /* Pods_Sample_App.framework */ = {isa = PBXFileReference; explicitFileType = wrapper.framework; includeInIndex = 0; path = Pods_Sample_App.framework; sourceTree = BUILT_PRODUCTS_DIR; };
		958BDC1C22701A5F00651589 /* Sample App.app */ = {isa = PBXFileReference; explicitFileType = wrapper.application; includeInIndex = 0; path = "Sample App.app"; sourceTree = BUILT_PRODUCTS_DIR; };
		958BDC1F22701A5F00651589 /* AppDelegate.swift */ = {isa = PBXFileReference; lastKnownFileType = sourcecode.swift; path = AppDelegate.swift; sourceTree = "<group>"; };
		958BDC2122701A5F00651589 /* ViewController.swift */ = {isa = PBXFileReference; lastKnownFileType = sourcecode.swift; path = ViewController.swift; sourceTree = "<group>"; };
		958BDC2422701A5F00651589 /* Base */ = {isa = PBXFileReference; lastKnownFileType = file.storyboard; name = Base; path = Base.lproj/Main.storyboard; sourceTree = "<group>"; };
		958BDC2722701A5F00651589 /* Sample_App.xcdatamodel */ = {isa = PBXFileReference; lastKnownFileType = wrapper.xcdatamodel; path = Sample_App.xcdatamodel; sourceTree = "<group>"; };
		958BDC2922701A6300651589 /* Assets.xcassets */ = {isa = PBXFileReference; lastKnownFileType = folder.assetcatalog; path = Assets.xcassets; sourceTree = "<group>"; };
		958BDC2C22701A6300651589 /* Base */ = {isa = PBXFileReference; lastKnownFileType = file.storyboard; name = Base; path = Base.lproj/LaunchScreen.storyboard; sourceTree = "<group>"; };
		958BDC2E22701A6300651589 /* Info.plist */ = {isa = PBXFileReference; lastKnownFileType = text.plist.xml; path = Info.plist; sourceTree = "<group>"; };
		9AA573835E629FB41D912F45 /* Pods-Sample App.debug.xcconfig */ = {isa = PBXFileReference; includeInIndex = 1; lastKnownFileType = text.xcconfig; name = "Pods-Sample App.debug.xcconfig"; path = "Pods/Target Support Files/Pods-Sample App/Pods-Sample App.debug.xcconfig"; sourceTree = "<group>"; };
		F931E1D6C95C611D00CBD4B0 /* Pods-Sample App.release.xcconfig */ = {isa = PBXFileReference; includeInIndex = 1; lastKnownFileType = text.xcconfig; name = "Pods-Sample App.release.xcconfig"; path = "Pods/Target Support Files/Pods-Sample App/Pods-Sample App.release.xcconfig"; sourceTree = "<group>"; };
/* End PBXFileReference section */

/* Begin PBXFrameworksBuildPhase section */
		958BDC1922701A5F00651589 /* Frameworks */ = {
			isa = PBXFrameworksBuildPhase;
			buildActionMask = 2147483647;
			files = (
				D6AC018D946DD332D735F435 /* Pods_Sample_App.framework in Frameworks */,
			);
			runOnlyForDeploymentPostprocessing = 0;
		};
/* End PBXFrameworksBuildPhase section */

/* Begin PBXGroup section */
		1C61E35A16E511D8381618CA /* Pods */ = {
			isa = PBXGroup;
			children = (
				9AA573835E629FB41D912F45 /* Pods-Sample App.debug.xcconfig */,
				F931E1D6C95C611D00CBD4B0 /* Pods-Sample App.release.xcconfig */,
			);
			name = Pods;
			sourceTree = "<group>";
		};
		958BDC1322701A5F00651589 = {
			isa = PBXGroup;
			children = (
				958BDC1E22701A5F00651589 /* Sample App */,
				958BDC1D22701A5F00651589 /* Products */,
				1C61E35A16E511D8381618CA /* Pods */,
				A6790A6B2BB7CCE5C092D728 /* Frameworks */,
			);
			sourceTree = "<group>";
		};
		958BDC1D22701A5F00651589 /* Products */ = {
			isa = PBXGroup;
			children = (
				958BDC1C22701A5F00651589 /* Sample App.app */,
			);
			name = Products;
			sourceTree = "<group>";
		};
		958BDC1E22701A5F00651589 /* Sample App */ = {
			isa = PBXGroup;
			children = (
				958BDC3B2270297700651589 /* Workers */,
				958BDC3A2270296C00651589 /* Vendors */,
				958BDC392270295A00651589 /* Resources */,
				958BDC382270294D00651589 /* CustomControls */,
				958BDC362270262700651589 /* Views */,
				958BDC352270261900651589 /* Controllers */,
				958BDC34227025CE00651589 /* Models */,
				958BDC37227028AF00651589 /* SupportFiles */,
			);
			path = "Sample App";
			sourceTree = "<group>";
		};
		958BDC34227025CE00651589 /* Models */ = {
			isa = PBXGroup;
			children = (
			);
			path = Models;
			sourceTree = "<group>";
		};
		958BDC352270261900651589 /* Controllers */ = {
			isa = PBXGroup;
			children = (
				958BDC2122701A5F00651589 /* ViewController.swift */,
			);
			path = Controllers;
			sourceTree = "<group>";
		};
		958BDC362270262700651589 /* Views */ = {
			isa = PBXGroup;
			children = (
			);
			path = Views;
			sourceTree = "<group>";
		};
		958BDC37227028AF00651589 /* SupportFiles */ = {
			isa = PBXGroup;
			children = (
				958BDC1F22701A5F00651589 /* AppDelegate.swift */,
				958BDC2E22701A6300651589 /* Info.plist */,
			);
			path = SupportFiles;
			sourceTree = "<group>";
		};
		958BDC382270294D00651589 /* CustomControls */ = {
			isa = PBXGroup;
			children = (
			);
			path = CustomControls;
			sourceTree = "<group>";
		};
		958BDC392270295A00651589 /* Resources */ = {
			isa = PBXGroup;
			children = (
				958BDC3D2270320600651589 /* DataBase */,
				958BDC3C227031E300651589 /* StoryBoards */,
				958BDC2922701A6300651589 /* Assets.xcassets */,
			);
			path = Resources;
			sourceTree = "<group>";
		};
		958BDC3A2270296C00651589 /* Vendors */ = {
			isa = PBXGroup;
			children = (
			);
			path = Vendors;
			sourceTree = "<group>";
		};
		958BDC3B2270297700651589 /* Workers */ = {
			isa = PBXGroup;
			children = (
			);
			path = Workers;
			sourceTree = "<group>";
		};
		958BDC3C227031E300651589 /* StoryBoards */ = {
			isa = PBXGroup;
			children = (
				958BDC2322701A5F00651589 /* Main.storyboard */,
				958BDC2B22701A6300651589 /* LaunchScreen.storyboard */,
			);
			path = StoryBoards;
			sourceTree = "<group>";
		};
		958BDC3D2270320600651589 /* DataBase */ = {
			isa = PBXGroup;
			children = (
				958BDC2622701A5F00651589 /* Sample_App.xcdatamodeld */,
			);
			path = DataBase;
			sourceTree = "<group>";
		};
		A6790A6B2BB7CCE5C092D728 /* Frameworks */ = {
			isa = PBXGroup;
			children = (
				420C6161C377F36D4A1FB670 /* Pods_Sample_App.framework */,
			);
			name = Frameworks;
			sourceTree = "<group>";
		};
/* End PBXGroup section */

/* Begin PBXNativeTarget section */
		958BDC1B22701A5F00651589 /* Sample App */ = {
			isa = PBXNativeTarget;
			buildConfigurationList = 958BDC3122701A6300651589 /* Build configuration list for PBXNativeTarget "Sample App" */;
			buildPhases = (
				8D640E7960A6C35363F87344 /* [CP] Check Pods Manifest.lock */,
				958BDC1822701A5F00651589 /* Sources */,
				958BDC1922701A5F00651589 /* Frameworks */,
				958BDC1A22701A5F00651589 /* Resources */,
			);
			buildRules = (
			);
			dependencies = (
			);
			name = "Sample App";
			productName = "Sample App";
			productReference = 958BDC1C22701A5F00651589 /* Sample App.app */;
			productType = "com.apple.product-type.application";
		};
/* End PBXNativeTarget section */

/* Begin PBXProject section */
		958BDC1422701A5F00651589 /* Project object */ = {
			isa = PBXProject;
			attributes = {
				LastSwiftUpdateCheck = 1010;
				LastUpgradeCheck = 1010;
				ORGANIZATIONNAME = "RAHUL R";
				TargetAttributes = {
					958BDC1B22701A5F00651589 = {
						CreatedOnToolsVersion = 10.1;
					};
				};
			};
			buildConfigurationList = 958BDC1722701A5F00651589 /* Build configuration list for PBXProject "Sample App" */;
			compatibilityVersion = "Xcode 9.3";
			developmentRegion = en;
			hasScannedForEncodings = 0;
			knownRegions = (
				en,
				Base,
			);
			mainGroup = 958BDC1322701A5F00651589;
			productRefGroup = 958BDC1D22701A5F00651589 /* Products */;
			projectDirPath = "";
			projectRoot = "";
			targets = (
				958BDC1B22701A5F00651589 /* Sample App */,
			);
		};
/* End PBXProject section */

/* Begin PBXResourcesBuildPhase section */
		958BDC1A22701A5F00651589 /* Resources */ = {
			isa = PBXResourcesBuildPhase;
			buildActionMask = 2147483647;
			files = (
				958BDC2D22701A6300651589 /* LaunchScreen.storyboard in Resources */,
				958BDC2A22701A6300651589 /* Assets.xcassets in Resources */,
				958BDC2522701A5F00651589 /* Main.storyboard in Resources */,
			);
			runOnlyForDeploymentPostprocessing = 0;
		};
/* End PBXResourcesBuildPhase section */

/* Begin PBXShellScriptBuildPhase section */
		8D640E7960A6C35363F87344 /* [CP] Check Pods Manifest.lock */ = {
			isa = PBXShellScriptBuildPhase;
			buildActionMask = 2147483647;
			files = (
			);
			inputPaths = (
				"${PODS_PODFILE_DIR_PATH}/Podfile.lock",
				"${PODS_ROOT}/Manifest.lock",
			);
			name = "[CP] Check Pods Manifest.lock";
			outputPaths = (
				"$(DERIVED_FILE_DIR)/Pods-Sample App-checkManifestLockResult.txt",
			);
			runOnlyForDeploymentPostprocessing = 0;
			shellPath = /bin/sh;
			shellScript = "diff \"${PODS_PODFILE_DIR_PATH}/Podfile.lock\" \"${PODS_ROOT}/Manifest.lock\" > /dev/null\nif [ $? != 0 ] ; then\n    # print error to STDERR\n    echo \"error: The sandbox is not in sync with the Podfile.lock. Run 'pod install' or update your CocoaPods installation.\" >&2\n    exit 1\nfi\n# This output is used by Xcode 'outputs' to avoid re-running this script phase.\necho \"SUCCESS\" > \"${SCRIPT_OUTPUT_FILE_0}\"\n";
			showEnvVarsInLog = 0;
		};
/* End PBXShellScriptBuildPhase section */

/* Begin PBXSourcesBuildPhase section */
		958BDC1822701A5F00651589 /* Sources */ = {
			isa = PBXSourcesBuildPhase;
			buildActionMask = 2147483647;
			files = (
				958BDC2222701A5F00651589 /* ViewController.swift in Sources */,
				958BDC2822701A5F00651589 /* Sample_App.xcdatamodeld in Sources */,
				958BDC2022701A5F00651589 /* AppDelegate.swift in Sources */,
			);
			runOnlyForDeploymentPostprocessing = 0;
		};
/* End PBXSourcesBuildPhase section */

/* Begin PBXVariantGroup section */
		958BDC2322701A5F00651589 /* Main.storyboard */ = {
			isa = PBXVariantGroup;
			children = (
				958BDC2422701A5F00651589 /* Base */,
			);
			name = Main.storyboard;
			sourceTree = "<group>";
		};
		958BDC2B22701A6300651589 /* LaunchScreen.storyboard */ = {
			isa = PBXVariantGroup;
			children = (
				958BDC2C22701A6300651589 /* Base */,
			);
			name = LaunchScreen.storyboard;
			sourceTree = "<group>";
		};
/* End PBXVariantGroup section */

/* Begin XCBuildConfiguration section */
		958BDC2F22701A6300651589 /* Debug */ = {
			isa = XCBuildConfiguration;
			buildSettings = {
				ALWAYS_SEARCH_USER_PATHS = NO;
				CLANG_ANALYZER_NONNULL = YES;
				CLANG_ANALYZER_NUMBER_OBJECT_CONVERSION = YES_AGGRESSIVE;
				CLANG_CXX_LANGUAGE_STANDARD = "gnu++14";
				CLANG_CXX_LIBRARY = "libc++";
				CLANG_ENABLE_MODULES = YES;
				CLANG_ENABLE_OBJC_ARC = YES;
				CLANG_ENABLE_OBJC_WEAK = YES;
				CLANG_WARN_BLOCK_CAPTURE_AUTORELEASING = YES;
				CLANG_WARN_BOOL_CONVERSION = YES;
				CLANG_WARN_COMMA = YES;
				CLANG_WARN_CONSTANT_CONVERSION = YES;
				CLANG_WARN_DEPRECATED_OBJC_IMPLEMENTATIONS = YES;
				CLANG_WARN_DIRECT_OBJC_ISA_USAGE = YES_ERROR;
				CLANG_WARN_DOCUMENTATION_COMMENTS = YES;
				CLANG_WARN_EMPTY_BODY = YES;
				CLANG_WARN_ENUM_CONVERSION = YES;
				CLANG_WARN_INFINITE_RECURSION = YES;
				CLANG_WARN_INT_CONVERSION = YES;
				CLANG_WARN_NON_LITERAL_NULL_CONVERSION = YES;
				CLANG_WARN_OBJC_IMPLICIT_RETAIN_SELF = YES;
				CLANG_WARN_OBJC_LITERAL_CONVERSION = YES;
				CLANG_WARN_OBJC_ROOT_CLASS = YES_ERROR;
				CLANG_WARN_RANGE_LOOP_ANALYSIS = YES;
				CLANG_WARN_STRICT_PROTOTYPES = YES;
				CLANG_WARN_SUSPICIOUS_MOVE = YES;
				CLANG_WARN_UNGUARDED_AVAILABILITY = YES_AGGRESSIVE;
				CLANG_WARN_UNREACHABLE_CODE = YES;
				CLANG_WARN__DUPLICATE_METHOD_MATCH = YES;
				CODE_SIGN_IDENTITY = "iPhone Developer";
				COPY_PHASE_STRIP = NO;
				DEBUG_INFORMATION_FORMAT = dwarf;
				ENABLE_STRICT_OBJC_MSGSEND = YES;
				ENABLE_TESTABILITY = YES;
				GCC_C_LANGUAGE_STANDARD = gnu11;
				GCC_DYNAMIC_NO_PIC = NO;
				GCC_NO_COMMON_BLOCKS = YES;
				GCC_OPTIMIZATION_LEVEL = 0;
				GCC_PREPROCESSOR_DEFINITIONS = (
					"DEBUG=1",
					"$(inherited)",
				);
				GCC_WARN_64_TO_32_BIT_CONVERSION = YES;
				GCC_WARN_ABOUT_RETURN_TYPE = YES_ERROR;
				GCC_WARN_UNDECLARED_SELECTOR = YES;
				GCC_WARN_UNINITIALIZED_AUTOS = YES_AGGRESSIVE;
				GCC_WARN_UNUSED_FUNCTION = YES;
				GCC_WARN_UNUSED_VARIABLE = YES;
				IPHONEOS_DEPLOYMENT_TARGET = 12.1;
				MTL_ENABLE_DEBUG_INFO = INCLUDE_SOURCE;
				MTL_FAST_MATH = YES;
				ONLY_ACTIVE_ARCH = YES;
				SDKROOT = iphoneos;
				SWIFT_ACTIVE_COMPILATION_CONDITIONS = DEBUG;
				SWIFT_OPTIMIZATION_LEVEL = "-Onone";
			};
			name = Debug;
		};
		958BDC3022701A6300651589 /* Release */ = {
			isa = XCBuildConfiguration;
			buildSettings = {
				ALWAYS_SEARCH_USER_PATHS = NO;
				CLANG_ANALYZER_NONNULL = YES;
				CLANG_ANALYZER_NUMBER_OBJECT_CONVERSION = YES_AGGRESSIVE;
				CLANG_CXX_LANGUAGE_STANDARD = "gnu++14";
				CLANG_CXX_LIBRARY = "libc++";
				CLANG_ENABLE_MODULES = YES;
				CLANG_ENABLE_OBJC_ARC = YES;
				CLANG_ENABLE_OBJC_WEAK = YES;
				CLANG_WARN_BLOCK_CAPTURE_AUTORELEASING = YES;
				CLANG_WARN_BOOL_CONVERSION = YES;
				CLANG_WARN_COMMA = YES;
				CLANG_WARN_CONSTANT_CONVERSION = YES;
				CLANG_WARN_DEPRECATED_OBJC_IMPLEMENTATIONS = YES;
				CLANG_WARN_DIRECT_OBJC_ISA_USAGE = YES_ERROR;
				CLANG_WARN_DOCUMENTATION_COMMENTS = YES;
				CLANG_WARN_EMPTY_BODY = YES;
				CLANG_WARN_ENUM_CONVERSION = YES;
				CLANG_WARN_INFINITE_RECURSION = YES;
				CLANG_WARN_INT_CONVERSION = YES;
				CLANG_WARN_NON_LITERAL_NULL_CONVERSION = YES;
				CLANG_WARN_OBJC_IMPLICIT_RETAIN_SELF = YES;
				CLANG_WARN_OBJC_LITERAL_CONVERSION = YES;
				CLANG_WARN_OBJC_ROOT_CLASS = YES_ERROR;
				CLANG_WARN_RANGE_LOOP_ANALYSIS = YES;
				CLANG_WARN_STRICT_PROTOTYPES = YES;
				CLANG_WARN_SUSPICIOUS_MOVE = YES;
				CLANG_WARN_UNGUARDED_AVAILABILITY = YES_AGGRESSIVE;
				CLANG_WARN_UNREACHABLE_CODE = YES;
				CLANG_WARN__DUPLICATE_METHOD_MATCH = YES;
				CODE_SIGN_IDENTITY = "iPhone Developer";
				COPY_PHASE_STRIP = NO;
				DEBUG_INFORMATION_FORMAT = "dwarf-with-dsym";
				ENABLE_NS_ASSERTIONS = NO;
				ENABLE_STRICT_OBJC_MSGSEND = YES;
				GCC_C_LANGUAGE_STANDARD = gnu11;
				GCC_NO_COMMON_BLOCKS = YES;
				GCC_WARN_64_TO_32_BIT_CONVERSION = YES;
				GCC_WARN_ABOUT_RETURN_TYPE = YES_ERROR;
				GCC_WARN_UNDECLARED_SELECTOR = YES;
				GCC_WARN_UNINITIALIZED_AUTOS = YES_AGGRESSIVE;
				GCC_WARN_UNUSED_FUNCTION = YES;
				GCC_WARN_UNUSED_VARIABLE = YES;
				IPHONEOS_DEPLOYMENT_TARGET = 12.1;
				MTL_ENABLE_DEBUG_INFO = NO;
				MTL_FAST_MATH = YES;
				SDKROOT = iphoneos;
				SWIFT_COMPILATION_MODE = wholemodule;
				SWIFT_OPTIMIZATION_LEVEL = "-O";
				VALIDATE_PRODUCT = YES;
			};
			name = Release;
		};
		958BDC3222701A6300651589 /* Debug */ = {
			isa = XCBuildConfiguration;
			baseConfigurationReference = 9AA573835E629FB41D912F45 /* Pods-Sample App.debug.xcconfig */;
			buildSettings = {
				ASSETCATALOG_COMPILER_APPICON_NAME = AppIcon;
				CODE_SIGN_STYLE = Automatic;
				DEVELOPMENT_TEAM = Z49EU65BG7;
				INFOPLIST_FILE = "Sample App/Info.plist";
				LD_RUNPATH_SEARCH_PATHS = (
					"$(inherited)",
					"@executable_path/Frameworks",
				);
				PRODUCT_BUNDLE_IDENTIFIER = "com.idev.customalerts.Sample-App";
				PRODUCT_NAME = "$(TARGET_NAME)";
				SWIFT_VERSION = 4.2;
				TARGETED_DEVICE_FAMILY = "1,2";
			};
			name = Debug;
		};
		958BDC3322701A6300651589 /* Release */ = {
			isa = XCBuildConfiguration;
			baseConfigurationReference = F931E1D6C95C611D00CBD4B0 /* Pods-Sample App.release.xcconfig */;
			buildSettings = {
				ASSETCATALOG_COMPILER_APPICON_NAME = AppIcon;
				CODE_SIGN_STYLE = Automatic;
				DEVELOPMENT_TEAM = Z49EU65BG7;
				INFOPLIST_FILE = "Sample App/Info.plist";
				LD_RUNPATH_SEARCH_PATHS = (
					"$(inherited)",
					"@executable_path/Frameworks",
				);
				PRODUCT_BUNDLE_IDENTIFIER = "com.idev.customalerts.Sample-App";
				PRODUCT_NAME = "$(TARGET_NAME)";
				SWIFT_VERSION = 4.2;
				TARGETED_DEVICE_FAMILY = "1,2";
			};
			name = Release;
		};
/* End XCBuildConfiguration section */

/* Begin XCConfigurationList section */
		958BDC1722701A5F00651589 /* Build configuration list for PBXProject "Sample App" */ = {
			isa = XCConfigurationList;
			buildConfigurations = (
				958BDC2F22701A6300651589 /* Debug */,
				958BDC3022701A6300651589 /* Release */,
			);
			defaultConfigurationIsVisible = 0;
			defaultConfigurationName = Release;
		};
		958BDC3122701A6300651589 /* Build configuration list for PBXNativeTarget "Sample App" */ = {
			isa = XCConfigurationList;
			buildConfigurations = (
				958BDC3222701A6300651589 /* Debug */,
				958BDC3322701A6300651589 /* Release */,
			);
			defaultConfigurationIsVisible = 0;
			defaultConfigurationName = Release;
		};
/* End XCConfigurationList section */

/* Begin XCVersionGroup section */
		958BDC2622701A5F00651589 /* Sample_App.xcdatamodeld */ = {
			isa = XCVersionGroup;
			children = (
				958BDC2722701A5F00651589 /* Sample_App.xcdatamodel */,
			);
			currentVersion = 958BDC2722701A5F00651589 /* Sample_App.xcdatamodel */;
			path = Sample_App.xcdatamodeld;
			sourceTree = "<group>";
			versionGroupType = wrapper.xcdatamodel;
		};
/* End XCVersionGroup section */
	};
	rootObject = 958BDC1422701A5F00651589 /* Project object */;
}
